// !$*UTF8*$!
{
	archiveVersion = 1;
	classes = {
	};
	objectVersion = 56;
	objects = {

/* Begin PBXBuildFile section */
		3D1DECB4295FA369000153A2 /* SwiftUILearningApp.swift in Sources */ = {isa = PBXBuildFile; fileRef = 3D1DECB3295FA369000153A2 /* SwiftUILearningApp.swift */; };
		3D1DECB6295FA369000153A2 /* ContentView.swift in Sources */ = {isa = PBXBuildFile; fileRef = 3D1DECB5295FA369000153A2 /* ContentView.swift */; };
		3D1DECB8295FA36A000153A2 /* Assets.xcassets in Resources */ = {isa = PBXBuildFile; fileRef = 3D1DECB7295FA36A000153A2 /* Assets.xcassets */; };
		3D1DECBB295FA36A000153A2 /* Preview Assets.xcassets in Resources */ = {isa = PBXBuildFile; fileRef = 3D1DECBA295FA36A000153A2 /* Preview Assets.xcassets */; };
		3D1DECC2295FA5F2000153A2 /* SwiftUILearningText.swift in Sources */ = {isa = PBXBuildFile; fileRef = 3D1DECC1295FA5F2000153A2 /* SwiftUILearningText.swift */; };
		3D1DECC4295FAA65000153A2 /* SwiftUILearningShapes.swift in Sources */ = {isa = PBXBuildFile; fileRef = 3D1DECC3295FAA65000153A2 /* SwiftUILearningShapes.swift */; };
		3D1DECC62960635A000153A2 /* SwiftUILearningColors.swift in Sources */ = {isa = PBXBuildFile; fileRef = 3D1DECC52960635A000153A2 /* SwiftUILearningColors.swift */; };
		3D1DECC82961DEC0000153A2 /* SwiftUILearningGradients.swift in Sources */ = {isa = PBXBuildFile; fileRef = 3D1DECC72961DEC0000153A2 /* SwiftUILearningGradients.swift */; };
		3D1DECCA2961E497000153A2 /* SwiftUILearningSystemIcons.swift in Sources */ = {isa = PBXBuildFile; fileRef = 3D1DECC92961E497000153A2 /* SwiftUILearningSystemIcons.swift */; };
		3D1DECCC29621CB0000153A2 /* SwiftUILearningImages.swift in Sources */ = {isa = PBXBuildFile; fileRef = 3D1DECCB29621CB0000153A2 /* SwiftUILearningImages.swift */; };
		3D1DECCE29622076000153A2 /* SwiftUILearningFrames.swift in Sources */ = {isa = PBXBuildFile; fileRef = 3D1DECCD29622076000153A2 /* SwiftUILearningFrames.swift */; };
		3D1DECD02963783A000153A2 /* SwiftUILearningBackgroundOverlay.swift in Sources */ = {isa = PBXBuildFile; fileRef = 3D1DECCF2963783A000153A2 /* SwiftUILearningBackgroundOverlay.swift */; };
		3D33A7D6297F2734001CBD09 /* SwiftUILearningActionSheets.swift in Sources */ = {isa = PBXBuildFile; fileRef = 3D33A7D5297F2734001CBD09 /* SwiftUILearningActionSheets.swift */; };
		3D369C54296C98E00030DE3D /* SwiftUILeraningSafeArea.swift in Sources */ = {isa = PBXBuildFile; fileRef = 3D369C53296C98E00030DE3D /* SwiftUILeraningSafeArea.swift */; };
		3D369C58296C9F420030DE3D /* SwiftUILearningButtons.swift in Sources */ = {isa = PBXBuildFile; fileRef = 3D369C57296C9F420030DE3D /* SwiftUILearningButtons.swift */; };
		3D3E60C2296F5E3600AC6961 /* SwiftUILearningStateProperty.swift in Sources */ = {isa = PBXBuildFile; fileRef = 3D3E60C1296F5E3600AC6961 /* SwiftUILearningStateProperty.swift */; };
		3D66FEE929709E9400C29242 /* SwiftUILearningExtractedFunctions.swift in Sources */ = {isa = PBXBuildFile; fileRef = 3D66FEE829709E9400C29242 /* SwiftUILearningExtractedFunctions.swift */; };
		3DB642F229675ABB00535EEB /* SwiftUILearningStacks.swift in Sources */ = {isa = PBXBuildFile; fileRef = 3DB642F129675ABB00535EEB /* SwiftUILearningStacks.swift */; };
		3DB642F62969F2AE00535EEB /* SwiftUILearningPadding.swift in Sources */ = {isa = PBXBuildFile; fileRef = 3DB642F52969F2AE00535EEB /* SwiftUILearningPadding.swift */; };
		3DB642FA2969F56800535EEB /* SwiftUILearningSpacer.swift in Sources */ = {isa = PBXBuildFile; fileRef = 3DB642F92969F56800535EEB /* SwiftUILearningSpacer.swift */; };
		3DB642FC2969FC0100535EEB /* SwiftUILearningInitilaizer.swift in Sources */ = {isa = PBXBuildFile; fileRef = 3DB642FB2969FC0100535EEB /* SwiftUILearningInitilaizer.swift */; };
		3DB642FE296A226900535EEB /* SwiftUILearningForEach.swift in Sources */ = {isa = PBXBuildFile; fileRef = 3DB642FD296A226900535EEB /* SwiftUILearningForEach.swift */; };
		3DB64300296A26B400535EEB /* SwiftUILearningScrollView.swift in Sources */ = {isa = PBXBuildFile; fileRef = 3DB642FF296A26B400535EEB /* SwiftUILearningScrollView.swift */; };
		3DB64302296B6B5100535EEB /* SwiftULearningLazyVGrid.swift in Sources */ = {isa = PBXBuildFile; fileRef = 3DB64301296B6B5100535EEB /* SwiftULearningLazyVGrid.swift */; };
		3DBFFD29297C8FF3005A9F10 /* SwiftUILearningLists.swift in Sources */ = {isa = PBXBuildFile; fileRef = 3DBFFD28297C8FF3005A9F10 /* SwiftUILearningLists.swift */; };
		3DBFFD2B297D5E19005A9F10 /* SwiftULearningAlerts.swift in Sources */ = {isa = PBXBuildFile; fileRef = 3DBFFD2A297D5E19005A9F10 /* SwiftULearningAlerts.swift */; };
		3DC95AA029773F7E00DB3BE5 /* SwiftUILearninTransition.swift in Sources */ = {isa = PBXBuildFile; fileRef = 3DC95A9F29773F7E00DB3BE5 /* SwiftUILearninTransition.swift */; };
		3DC95AA22977457100DB3BE5 /* SwiftUILearningSheets.swift in Sources */ = {isa = PBXBuildFile; fileRef = 3DC95AA12977457100DB3BE5 /* SwiftUILearningSheets.swift */; };
		3DC95AA429787BF300DB3BE5 /* SwiftUILearningNavigationViewAndLink.swift in Sources */ = {isa = PBXBuildFile; fileRef = 3DC95AA329787BF300DB3BE5 /* SwiftUILearningNavigationViewAndLink.swift */; };
		3DF8A1C32971E0DD00E87BE3 /* SwiftUILearningExtractSubviews.swift in Sources */ = {isa = PBXBuildFile; fileRef = 3DF8A1C22971E0DD00E87BE3 /* SwiftUILearningExtractSubviews.swift */; };
		3DF8A1C52971E46E00E87BE3 /* SwiftUILeariningBinding.swift in Sources */ = {isa = PBXBuildFile; fileRef = 3DF8A1C42971E46E00E87BE3 /* SwiftUILeariningBinding.swift */; };
		3DF8A1CD29731CE200E87BE3 /* SwiftUILearningIfElseStatements.swift in Sources */ = {isa = PBXBuildFile; fileRef = 3DF8A1CC29731CE200E87BE3 /* SwiftUILearningIfElseStatements.swift */; };
		3DF8A1CF2973267100E87BE3 /* SwiftULearningTernaryOperators.swift in Sources */ = {isa = PBXBuildFile; fileRef = 3DF8A1CE2973267100E87BE3 /* SwiftULearningTernaryOperators.swift */; };
		3DF8A1D1297357E800E87BE3 /* SwiftUILearningAnimationAndwithAnimation.swift in Sources */ = {isa = PBXBuildFile; fileRef = 3DF8A1D0297357E800E87BE3 /* SwiftUILearningAnimationAndwithAnimation.swift */; };
		3DF8A1D32974792C00E87BE3 /* SwiftUILearningAnimationCurved.swift in Sources */ = {isa = PBXBuildFile; fileRef = 3DF8A1D22974792C00E87BE3 /* SwiftUILearningAnimationCurved.swift */; };
/* End PBXBuildFile section */

/* Begin PBXFileReference section */
		3D1DECB0295FA369000153A2 /* SwiftUILearning.app */ = {isa = PBXFileReference; explicitFileType = wrapper.application; includeInIndex = 0; path = SwiftUILearning.app; sourceTree = BUILT_PRODUCTS_DIR; };
		3D1DECB3295FA369000153A2 /* SwiftUILearningApp.swift */ = {isa = PBXFileReference; lastKnownFileType = sourcecode.swift; path = SwiftUILearningApp.swift; sourceTree = "<group>"; };
		3D1DECB5295FA369000153A2 /* ContentView.swift */ = {isa = PBXFileReference; lastKnownFileType = sourcecode.swift; path = ContentView.swift; sourceTree = "<group>"; };
		3D1DECB7295FA36A000153A2 /* Assets.xcassets */ = {isa = PBXFileReference; lastKnownFileType = folder.assetcatalog; path = Assets.xcassets; sourceTree = "<group>"; };
		3D1DECBA295FA36A000153A2 /* Preview Assets.xcassets */ = {isa = PBXFileReference; lastKnownFileType = folder.assetcatalog; path = "Preview Assets.xcassets"; sourceTree = "<group>"; };
		3D1DECC1295FA5F2000153A2 /* SwiftUILearningText.swift */ = {isa = PBXFileReference; lastKnownFileType = sourcecode.swift; path = SwiftUILearningText.swift; sourceTree = "<group>"; };
		3D1DECC3295FAA65000153A2 /* SwiftUILearningShapes.swift */ = {isa = PBXFileReference; lastKnownFileType = sourcecode.swift; path = SwiftUILearningShapes.swift; sourceTree = "<group>"; };
		3D1DECC52960635A000153A2 /* SwiftUILearningColors.swift */ = {isa = PBXFileReference; lastKnownFileType = sourcecode.swift; path = SwiftUILearningColors.swift; sourceTree = "<group>"; };
		3D1DECC72961DEC0000153A2 /* SwiftUILearningGradients.swift */ = {isa = PBXFileReference; lastKnownFileType = sourcecode.swift; path = SwiftUILearningGradients.swift; sourceTree = "<group>"; };
		3D1DECC92961E497000153A2 /* SwiftUILearningSystemIcons.swift */ = {isa = PBXFileReference; lastKnownFileType = sourcecode.swift; path = SwiftUILearningSystemIcons.swift; sourceTree = "<group>"; };
		3D1DECCB29621CB0000153A2 /* SwiftUILearningImages.swift */ = {isa = PBXFileReference; lastKnownFileType = sourcecode.swift; path = SwiftUILearningImages.swift; sourceTree = "<group>"; };
		3D1DECCD29622076000153A2 /* SwiftUILearningFrames.swift */ = {isa = PBXFileReference; lastKnownFileType = sourcecode.swift; path = SwiftUILearningFrames.swift; sourceTree = "<group>"; };
		3D1DECCF2963783A000153A2 /* SwiftUILearningBackgroundOverlay.swift */ = {isa = PBXFileReference; lastKnownFileType = sourcecode.swift; path = SwiftUILearningBackgroundOverlay.swift; sourceTree = "<group>"; };
		3D33A7D5297F2734001CBD09 /* SwiftUILearningActionSheets.swift */ = {isa = PBXFileReference; lastKnownFileType = sourcecode.swift; path = SwiftUILearningActionSheets.swift; sourceTree = "<group>"; };
		3D369C53296C98E00030DE3D /* SwiftUILeraningSafeArea.swift */ = {isa = PBXFileReference; lastKnownFileType = sourcecode.swift; path = SwiftUILeraningSafeArea.swift; sourceTree = "<group>"; };
		3D369C57296C9F420030DE3D /* SwiftUILearningButtons.swift */ = {isa = PBXFileReference; lastKnownFileType = sourcecode.swift; path = SwiftUILearningButtons.swift; sourceTree = "<group>"; };
		3D3E60C1296F5E3600AC6961 /* SwiftUILearningStateProperty.swift */ = {isa = PBXFileReference; lastKnownFileType = sourcecode.swift; path = SwiftUILearningStateProperty.swift; sourceTree = "<group>"; };
		3D66FEE829709E9400C29242 /* SwiftUILearningExtractedFunctions.swift */ = {isa = PBXFileReference; lastKnownFileType = sourcecode.swift; path = SwiftUILearningExtractedFunctions.swift; sourceTree = "<group>"; };
		3DB642F129675ABB00535EEB /* SwiftUILearningStacks.swift */ = {isa = PBXFileReference; lastKnownFileType = sourcecode.swift; path = SwiftUILearningStacks.swift; sourceTree = "<group>"; };
		3DB642F52969F2AE00535EEB /* SwiftUILearningPadding.swift */ = {isa = PBXFileReference; lastKnownFileType = sourcecode.swift; path = SwiftUILearningPadding.swift; sourceTree = "<group>"; };
		3DB642F92969F56800535EEB /* SwiftUILearningSpacer.swift */ = {isa = PBXFileReference; lastKnownFileType = sourcecode.swift; path = SwiftUILearningSpacer.swift; sourceTree = "<group>"; };
		3DB642FB2969FC0100535EEB /* SwiftUILearningInitilaizer.swift */ = {isa = PBXFileReference; lastKnownFileType = sourcecode.swift; path = SwiftUILearningInitilaizer.swift; sourceTree = "<group>"; };
		3DB642FD296A226900535EEB /* SwiftUILearningForEach.swift */ = {isa = PBXFileReference; lastKnownFileType = sourcecode.swift; path = SwiftUILearningForEach.swift; sourceTree = "<group>"; };
		3DB642FF296A26B400535EEB /* SwiftUILearningScrollView.swift */ = {isa = PBXFileReference; lastKnownFileType = sourcecode.swift; path = SwiftUILearningScrollView.swift; sourceTree = "<group>"; };
		3DB64301296B6B5100535EEB /* SwiftULearningLazyVGrid.swift */ = {isa = PBXFileReference; lastKnownFileType = sourcecode.swift; path = SwiftULearningLazyVGrid.swift; sourceTree = "<group>"; };
		3DBFFD28297C8FF3005A9F10 /* SwiftUILearningLists.swift */ = {isa = PBXFileReference; lastKnownFileType = sourcecode.swift; path = SwiftUILearningLists.swift; sourceTree = "<group>"; };
		3DBFFD2A297D5E19005A9F10 /* SwiftULearningAlerts.swift */ = {isa = PBXFileReference; lastKnownFileType = sourcecode.swift; path = SwiftULearningAlerts.swift; sourceTree = "<group>"; };
		3DC95A9F29773F7E00DB3BE5 /* SwiftUILearninTransition.swift */ = {isa = PBXFileReference; lastKnownFileType = sourcecode.swift; path = SwiftUILearninTransition.swift; sourceTree = "<group>"; };
		3DC95AA12977457100DB3BE5 /* SwiftUILearningSheets.swift */ = {isa = PBXFileReference; lastKnownFileType = sourcecode.swift; path = SwiftUILearningSheets.swift; sourceTree = "<group>"; };
		3DC95AA329787BF300DB3BE5 /* SwiftUILearningNavigationViewAndLink.swift */ = {isa = PBXFileReference; lastKnownFileType = sourcecode.swift; path = SwiftUILearningNavigationViewAndLink.swift; sourceTree = "<group>"; };
		3DF8A1C22971E0DD00E87BE3 /* SwiftUILearningExtractSubviews.swift */ = {isa = PBXFileReference; lastKnownFileType = sourcecode.swift; path = SwiftUILearningExtractSubviews.swift; sourceTree = "<group>"; };
		3DF8A1C42971E46E00E87BE3 /* SwiftUILeariningBinding.swift */ = {isa = PBXFileReference; lastKnownFileType = sourcecode.swift; path = SwiftUILeariningBinding.swift; sourceTree = "<group>"; };
		3DF8A1CC29731CE200E87BE3 /* SwiftUILearningIfElseStatements.swift */ = {isa = PBXFileReference; lastKnownFileType = sourcecode.swift; path = SwiftUILearningIfElseStatements.swift; sourceTree = "<group>"; };
		3DF8A1CE2973267100E87BE3 /* SwiftULearningTernaryOperators.swift */ = {isa = PBXFileReference; lastKnownFileType = sourcecode.swift; path = SwiftULearningTernaryOperators.swift; sourceTree = "<group>"; };
		3DF8A1D0297357E800E87BE3 /* SwiftUILearningAnimationAndwithAnimation.swift */ = {isa = PBXFileReference; lastKnownFileType = sourcecode.swift; path = SwiftUILearningAnimationAndwithAnimation.swift; sourceTree = "<group>"; };
		3DF8A1D22974792C00E87BE3 /* SwiftUILearningAnimationCurved.swift */ = {isa = PBXFileReference; lastKnownFileType = sourcecode.swift; path = SwiftUILearningAnimationCurved.swift; sourceTree = "<group>"; };
/* End PBXFileReference section */

/* Begin PBXFrameworksBuildPhase section */
		3D1DECAD295FA369000153A2 /* Frameworks */ = {
			isa = PBXFrameworksBuildPhase;
			buildActionMask = 2147483647;
			files = (
			);
			runOnlyForDeploymentPostprocessing = 0;
		};
/* End PBXFrameworksBuildPhase section */

/* Begin PBXGroup section */
		3D1DECA7295FA369000153A2 = {
			isa = PBXGroup;
			children = (
				3D1DECB2295FA369000153A2 /* SwiftUILearning */,
				3D1DECB1295FA369000153A2 /* Products */,
			);
			sourceTree = "<group>";
		};
		3D1DECB1295FA369000153A2 /* Products */ = {
			isa = PBXGroup;
			children = (
				3D1DECB0295FA369000153A2 /* SwiftUILearning.app */,
			);
			name = Products;
			sourceTree = "<group>";
		};
		3D1DECB2295FA369000153A2 /* SwiftUILearning */ = {
			isa = PBXGroup;
			children = (
				3D1DECB3295FA369000153A2 /* SwiftUILearningApp.swift */,
				3D1DECB5295FA369000153A2 /* ContentView.swift */,
				3D1DECC1295FA5F2000153A2 /* SwiftUILearningText.swift */,
				3D1DECC3295FAA65000153A2 /* SwiftUILearningShapes.swift */,
				3D1DECC52960635A000153A2 /* SwiftUILearningColors.swift */,
				3D1DECC72961DEC0000153A2 /* SwiftUILearningGradients.swift */,
				3D1DECC92961E497000153A2 /* SwiftUILearningSystemIcons.swift */,
				3D1DECCB29621CB0000153A2 /* SwiftUILearningImages.swift */,
				3D1DECCD29622076000153A2 /* SwiftUILearningFrames.swift */,
				3D1DECCF2963783A000153A2 /* SwiftUILearningBackgroundOverlay.swift */,
				3DB642F129675ABB00535EEB /* SwiftUILearningStacks.swift */,
				3DB642F52969F2AE00535EEB /* SwiftUILearningPadding.swift */,
				3DB642F92969F56800535EEB /* SwiftUILearningSpacer.swift */,
				3DB642FB2969FC0100535EEB /* SwiftUILearningInitilaizer.swift */,
				3DB642FD296A226900535EEB /* SwiftUILearningForEach.swift */,
				3DB642FF296A26B400535EEB /* SwiftUILearningScrollView.swift */,
				3DB64301296B6B5100535EEB /* SwiftULearningLazyVGrid.swift */,
				3D369C53296C98E00030DE3D /* SwiftUILeraningSafeArea.swift */,
				3D369C57296C9F420030DE3D /* SwiftUILearningButtons.swift */,
				3D3E60C1296F5E3600AC6961 /* SwiftUILearningStateProperty.swift */,
				3D66FEE829709E9400C29242 /* SwiftUILearningExtractedFunctions.swift */,
				3DF8A1C22971E0DD00E87BE3 /* SwiftUILearningExtractSubviews.swift */,
				3DF8A1C42971E46E00E87BE3 /* SwiftUILeariningBinding.swift */,
				3DF8A1CC29731CE200E87BE3 /* SwiftUILearningIfElseStatements.swift */,
				3DF8A1CE2973267100E87BE3 /* SwiftULearningTernaryOperators.swift */,
				3DF8A1D0297357E800E87BE3 /* SwiftUILearningAnimationAndwithAnimation.swift */,
				3DF8A1D22974792C00E87BE3 /* SwiftUILearningAnimationCurved.swift */,
				3DC95A9F29773F7E00DB3BE5 /* SwiftUILearninTransition.swift */,
				3DC95AA12977457100DB3BE5 /* SwiftUILearningSheets.swift */,
				3DC95AA329787BF300DB3BE5 /* SwiftUILearningNavigationViewAndLink.swift */,
				3DBFFD28297C8FF3005A9F10 /* SwiftUILearningLists.swift */,
				3DBFFD2A297D5E19005A9F10 /* SwiftULearningAlerts.swift */,
				3D33A7D5297F2734001CBD09 /* SwiftUILearningActionSheets.swift */,
				3D1DECB7295FA36A000153A2 /* Assets.xcassets */,
				3D1DECB9295FA36A000153A2 /* Preview Content */,
			);
			path = SwiftUILearning;
			sourceTree = "<group>";
		};
		3D1DECB9295FA36A000153A2 /* Preview Content */ = {
			isa = PBXGroup;
			children = (
				3D1DECBA295FA36A000153A2 /* Preview Assets.xcassets */,
			);
			path = "Preview Content";
			sourceTree = "<group>";
		};
/* End PBXGroup section */

/* Begin PBXNativeTarget section */
		3D1DECAF295FA369000153A2 /* SwiftUILearning */ = {
			isa = PBXNativeTarget;
			buildConfigurationList = 3D1DECBE295FA36A000153A2 /* Build configuration list for PBXNativeTarget "SwiftUILearning" */;
			buildPhases = (
				3D1DECAC295FA369000153A2 /* Sources */,
				3D1DECAD295FA369000153A2 /* Frameworks */,
				3D1DECAE295FA369000153A2 /* Resources */,
			);
			buildRules = (
			);
			dependencies = (
			);
			name = SwiftUILearning;
			productName = SwiftUILearning;
			productReference = 3D1DECB0295FA369000153A2 /* SwiftUILearning.app */;
			productType = "com.apple.product-type.application";
		};
/* End PBXNativeTarget section */

/* Begin PBXProject section */
		3D1DECA8295FA369000153A2 /* Project object */ = {
			isa = PBXProject;
			attributes = {
				BuildIndependentTargetsInParallel = 1;
				LastSwiftUpdateCheck = 1400;
				LastUpgradeCheck = 1400;
				TargetAttributes = {
					3D1DECAF295FA369000153A2 = {
						CreatedOnToolsVersion = 14.0.1;
					};
				};
			};
			buildConfigurationList = 3D1DECAB295FA369000153A2 /* Build configuration list for PBXProject "SwiftUILearning" */;
			compatibilityVersion = "Xcode 14.0";
			developmentRegion = en;
			hasScannedForEncodings = 0;
			knownRegions = (
				en,
				Base,
			);
			mainGroup = 3D1DECA7295FA369000153A2;
			productRefGroup = 3D1DECB1295FA369000153A2 /* Products */;
			projectDirPath = "";
			projectRoot = "";
			targets = (
				3D1DECAF295FA369000153A2 /* SwiftUILearning */,
			);
		};
/* End PBXProject section */

/* Begin PBXResourcesBuildPhase section */
		3D1DECAE295FA369000153A2 /* Resources */ = {
			isa = PBXResourcesBuildPhase;
			buildActionMask = 2147483647;
			files = (
				3D1DECBB295FA36A000153A2 /* Preview Assets.xcassets in Resources */,
				3D1DECB8295FA36A000153A2 /* Assets.xcassets in Resources */,
			);
			runOnlyForDeploymentPostprocessing = 0;
		};
/* End PBXResourcesBuildPhase section */

/* Begin PBXSourcesBuildPhase section */
		3D1DECAC295FA369000153A2 /* Sources */ = {
			isa = PBXSourcesBuildPhase;
			buildActionMask = 2147483647;
			files = (
				3D1DECCA2961E497000153A2 /* SwiftUILearningSystemIcons.swift in Sources */,
				3D1DECB6295FA369000153A2 /* ContentView.swift in Sources */,
				3D3E60C2296F5E3600AC6961 /* SwiftUILearningStateProperty.swift in Sources */,
				3DF8A1D1297357E800E87BE3 /* SwiftUILearningAnimationAndwithAnimation.swift in Sources */,
				3DF8A1CD29731CE200E87BE3 /* SwiftUILearningIfElseStatements.swift in Sources */,
				3D66FEE929709E9400C29242 /* SwiftUILearningExtractedFunctions.swift in Sources */,
				3DC95AA429787BF300DB3BE5 /* SwiftUILearningNavigationViewAndLink.swift in Sources */,
				3D1DECC82961DEC0000153A2 /* SwiftUILearningGradients.swift in Sources */,
				3DB642FA2969F56800535EEB /* SwiftUILearningSpacer.swift in Sources */,
				3DB642F229675ABB00535EEB /* SwiftUILearningStacks.swift in Sources */,
				3DF8A1C52971E46E00E87BE3 /* SwiftUILeariningBinding.swift in Sources */,
				3D1DECC4295FAA65000153A2 /* SwiftUILearningShapes.swift in Sources */,
				3DB642F62969F2AE00535EEB /* SwiftUILearningPadding.swift in Sources */,
				3D1DECD02963783A000153A2 /* SwiftUILearningBackgroundOverlay.swift in Sources */,
				3DB64302296B6B5100535EEB /* SwiftULearningLazyVGrid.swift in Sources */,
				3DB642FE296A226900535EEB /* SwiftUILearningForEach.swift in Sources */,
				3DB642FC2969FC0100535EEB /* SwiftUILearningInitilaizer.swift in Sources */,
				3DC95AA029773F7E00DB3BE5 /* SwiftUILearninTransition.swift in Sources */,
				3DF8A1C32971E0DD00E87BE3 /* SwiftUILearningExtractSubviews.swift in Sources */,
				3D369C54296C98E00030DE3D /* SwiftUILeraningSafeArea.swift in Sources */,
				3D1DECCE29622076000153A2 /* SwiftUILearningFrames.swift in Sources */,
				3D1DECB4295FA369000153A2 /* SwiftUILearningApp.swift in Sources */,
				3DF8A1D32974792C00E87BE3 /* SwiftUILearningAnimationCurved.swift in Sources */,
				3DC95AA22977457100DB3BE5 /* SwiftUILearningSheets.swift in Sources */,
				3D369C58296C9F420030DE3D /* SwiftUILearningButtons.swift in Sources */,
				3D1DECC2295FA5F2000153A2 /* SwiftUILearningText.swift in Sources */,
				3DBFFD29297C8FF3005A9F10 /* SwiftUILearningLists.swift in Sources */,
				3DF8A1CF2973267100E87BE3 /* SwiftULearningTernaryOperators.swift in Sources */,
				3D1DECC62960635A000153A2 /* SwiftUILearningColors.swift in Sources */,
				3D1DECCC29621CB0000153A2 /* SwiftUILearningImages.swift in Sources */,
				3DB64300296A26B400535EEB /* SwiftUILearningScrollView.swift in Sources */,
				3D33A7D6297F2734001CBD09 /* SwiftUILearningActionSheets.swift in Sources */,
				3DBFFD2B297D5E19005A9F10 /* SwiftULearningAlerts.swift in Sources */,
			);
			runOnlyForDeploymentPostprocessing = 0;
		};
/* End PBXSourcesBuildPhase section */

/* Begin XCBuildConfiguration section */
		3D1DECBC295FA36A000153A2 /* Debug */ = {
			isa = XCBuildConfiguration;
			buildSettings = {
				ALWAYS_SEARCH_USER_PATHS = NO;
				CLANG_ANALYZER_NONNULL = YES;
				CLANG_ANALYZER_NUMBER_OBJECT_CONVERSION = YES_AGGRESSIVE;
				CLANG_CXX_LANGUAGE_STANDARD = "gnu++20";
				CLANG_ENABLE_MODULES = YES;
				CLANG_ENABLE_OBJC_ARC = YES;
				CLANG_ENABLE_OBJC_WEAK = YES;
				CLANG_WARN_BLOCK_CAPTURE_AUTORELEASING = YES;
				CLANG_WARN_BOOL_CONVERSION = YES;
				CLANG_WARN_COMMA = YES;
				CLANG_WARN_CONSTANT_CONVERSION = YES;
				CLANG_WARN_DEPRECATED_OBJC_IMPLEMENTATIONS = YES;
				CLANG_WARN_DIRECT_OBJC_ISA_USAGE = YES_ERROR;
				CLANG_WARN_DOCUMENTATION_COMMENTS = YES;
				CLANG_WARN_EMPTY_BODY = YES;
				CLANG_WARN_ENUM_CONVERSION = YES;
				CLANG_WARN_INFINITE_RECURSION = YES;
				CLANG_WARN_INT_CONVERSION = YES;
				CLANG_WARN_NON_LITERAL_NULL_CONVERSION = YES;
				CLANG_WARN_OBJC_IMPLICIT_RETAIN_SELF = YES;
				CLANG_WARN_OBJC_LITERAL_CONVERSION = YES;
				CLANG_WARN_OBJC_ROOT_CLASS = YES_ERROR;
				CLANG_WARN_QUOTED_INCLUDE_IN_FRAMEWORK_HEADER = YES;
				CLANG_WARN_RANGE_LOOP_ANALYSIS = YES;
				CLANG_WARN_STRICT_PROTOTYPES = YES;
				CLANG_WARN_SUSPICIOUS_MOVE = YES;
				CLANG_WARN_UNGUARDED_AVAILABILITY = YES_AGGRESSIVE;
				CLANG_WARN_UNREACHABLE_CODE = YES;
				CLANG_WARN__DUPLICATE_METHOD_MATCH = YES;
				COPY_PHASE_STRIP = NO;
				DEBUG_INFORMATION_FORMAT = dwarf;
				ENABLE_STRICT_OBJC_MSGSEND = YES;
				ENABLE_TESTABILITY = YES;
				GCC_C_LANGUAGE_STANDARD = gnu11;
				GCC_DYNAMIC_NO_PIC = NO;
				GCC_NO_COMMON_BLOCKS = YES;
				GCC_OPTIMIZATION_LEVEL = 0;
				GCC_PREPROCESSOR_DEFINITIONS = (
					"DEBUG=1",
					"$(inherited)",
				);
				GCC_WARN_64_TO_32_BIT_CONVERSION = YES;
				GCC_WARN_ABOUT_RETURN_TYPE = YES_ERROR;
				GCC_WARN_UNDECLARED_SELECTOR = YES;
				GCC_WARN_UNINITIALIZED_AUTOS = YES_AGGRESSIVE;
				GCC_WARN_UNUSED_FUNCTION = YES;
				GCC_WARN_UNUSED_VARIABLE = YES;
				IPHONEOS_DEPLOYMENT_TARGET = 16.0;
				MTL_ENABLE_DEBUG_INFO = INCLUDE_SOURCE;
				MTL_FAST_MATH = YES;
				ONLY_ACTIVE_ARCH = YES;
				SDKROOT = iphoneos;
				SWIFT_ACTIVE_COMPILATION_CONDITIONS = DEBUG;
				SWIFT_OPTIMIZATION_LEVEL = "-Onone";
			};
			name = Debug;
		};
		3D1DECBD295FA36A000153A2 /* Release */ = {
			isa = XCBuildConfiguration;
			buildSettings = {
				ALWAYS_SEARCH_USER_PATHS = NO;
				CLANG_ANALYZER_NONNULL = YES;
				CLANG_ANALYZER_NUMBER_OBJECT_CONVERSION = YES_AGGRESSIVE;
				CLANG_CXX_LANGUAGE_STANDARD = "gnu++20";
				CLANG_ENABLE_MODULES = YES;
				CLANG_ENABLE_OBJC_ARC = YES;
				CLANG_ENABLE_OBJC_WEAK = YES;
				CLANG_WARN_BLOCK_CAPTURE_AUTORELEASING = YES;
				CLANG_WARN_BOOL_CONVERSION = YES;
				CLANG_WARN_COMMA = YES;
				CLANG_WARN_CONSTANT_CONVERSION = YES;
				CLANG_WARN_DEPRECATED_OBJC_IMPLEMENTATIONS = YES;
				CLANG_WARN_DIRECT_OBJC_ISA_USAGE = YES_ERROR;
				CLANG_WARN_DOCUMENTATION_COMMENTS = YES;
				CLANG_WARN_EMPTY_BODY = YES;
				CLANG_WARN_ENUM_CONVERSION = YES;
				CLANG_WARN_INFINITE_RECURSION = YES;
				CLANG_WARN_INT_CONVERSION = YES;
				CLANG_WARN_NON_LITERAL_NULL_CONVERSION = YES;
				CLANG_WARN_OBJC_IMPLICIT_RETAIN_SELF = YES;
				CLANG_WARN_OBJC_LITERAL_CONVERSION = YES;
				CLANG_WARN_OBJC_ROOT_CLASS = YES_ERROR;
				CLANG_WARN_QUOTED_INCLUDE_IN_FRAMEWORK_HEADER = YES;
				CLANG_WARN_RANGE_LOOP_ANALYSIS = YES;
				CLANG_WARN_STRICT_PROTOTYPES = YES;
				CLANG_WARN_SUSPICIOUS_MOVE = YES;
				CLANG_WARN_UNGUARDED_AVAILABILITY = YES_AGGRESSIVE;
				CLANG_WARN_UNREACHABLE_CODE = YES;
				CLANG_WARN__DUPLICATE_METHOD_MATCH = YES;
				COPY_PHASE_STRIP = NO;
				DEBUG_INFORMATION_FORMAT = "dwarf-with-dsym";
				ENABLE_NS_ASSERTIONS = NO;
				ENABLE_STRICT_OBJC_MSGSEND = YES;
				GCC_C_LANGUAGE_STANDARD = gnu11;
				GCC_NO_COMMON_BLOCKS = YES;
				GCC_WARN_64_TO_32_BIT_CONVERSION = YES;
				GCC_WARN_ABOUT_RETURN_TYPE = YES_ERROR;
				GCC_WARN_UNDECLARED_SELECTOR = YES;
				GCC_WARN_UNINITIALIZED_AUTOS = YES_AGGRESSIVE;
				GCC_WARN_UNUSED_FUNCTION = YES;
				GCC_WARN_UNUSED_VARIABLE = YES;
				IPHONEOS_DEPLOYMENT_TARGET = 16.0;
				MTL_ENABLE_DEBUG_INFO = NO;
				MTL_FAST_MATH = YES;
				SDKROOT = iphoneos;
				SWIFT_COMPILATION_MODE = wholemodule;
				SWIFT_OPTIMIZATION_LEVEL = "-O";
				VALIDATE_PRODUCT = YES;
			};
			name = Release;
		};
		3D1DECBF295FA36A000153A2 /* Debug */ = {
			isa = XCBuildConfiguration;
			buildSettings = {
				ASSETCATALOG_COMPILER_APPICON_NAME = AppIcon;
				ASSETCATALOG_COMPILER_GLOBAL_ACCENT_COLOR_NAME = AccentColor;
				CODE_SIGN_STYLE = Automatic;
				CURRENT_PROJECT_VERSION = 1;
				DEVELOPMENT_ASSET_PATHS = "\"SwiftUILearning/Preview Content\"";
				DEVELOPMENT_TEAM = 5SKVZRCRN5;
				ENABLE_PREVIEWS = YES;
				GENERATE_INFOPLIST_FILE = YES;
				INFOPLIST_KEY_UIApplicationSceneManifest_Generation = YES;
				INFOPLIST_KEY_UIApplicationSupportsIndirectInputEvents = YES;
				INFOPLIST_KEY_UILaunchScreen_Generation = YES;
				INFOPLIST_KEY_UISupportedInterfaceOrientations_iPad = "UIInterfaceOrientationPortrait UIInterfaceOrientationPortraitUpsideDown UIInterfaceOrientationLandscapeLeft UIInterfaceOrientationLandscapeRight";
				INFOPLIST_KEY_UISupportedInterfaceOrientations_iPhone = "UIInterfaceOrientationPortrait UIInterfaceOrientationLandscapeLeft UIInterfaceOrientationLandscapeRight";
				LD_RUNPATH_SEARCH_PATHS = (
					"$(inherited)",
					"@executable_path/Frameworks",
				);
				MARKETING_VERSION = 1.0;
				PRODUCT_BUNDLE_IDENTIFIER = com.enbcreative.SwiftUILearning;
				PRODUCT_NAME = "$(TARGET_NAME)";
				SWIFT_EMIT_LOC_STRINGS = YES;
				SWIFT_VERSION = 5.0;
				TARGETED_DEVICE_FAMILY = "1,2";
			};
			name = Debug;
		};
		3D1DECC0295FA36A000153A2 /* Release */ = {
			isa = XCBuildConfiguration;
			buildSettings = {
				ASSETCATALOG_COMPILER_APPICON_NAME = AppIcon;
				ASSETCATALOG_COMPILER_GLOBAL_ACCENT_COLOR_NAME = AccentColor;
				CODE_SIGN_STYLE = Automatic;
				CURRENT_PROJECT_VERSION = 1;
				DEVELOPMENT_ASSET_PATHS = "\"SwiftUILearning/Preview Content\"";
				DEVELOPMENT_TEAM = 5SKVZRCRN5;
				ENABLE_PREVIEWS = YES;
				GENERATE_INFOPLIST_FILE = YES;
				INFOPLIST_KEY_UIApplicationSceneManifest_Generation = YES;
				INFOPLIST_KEY_UIApplicationSupportsIndirectInputEvents = YES;
				INFOPLIST_KEY_UILaunchScreen_Generation = YES;
				INFOPLIST_KEY_UISupportedInterfaceOrientations_iPad = "UIInterfaceOrientationPortrait UIInterfaceOrientationPortraitUpsideDown UIInterfaceOrientationLandscapeLeft UIInterfaceOrientationLandscapeRight";
				INFOPLIST_KEY_UISupportedInterfaceOrientations_iPhone = "UIInterfaceOrientationPortrait UIInterfaceOrientationLandscapeLeft UIInterfaceOrientationLandscapeRight";
				LD_RUNPATH_SEARCH_PATHS = (
					"$(inherited)",
					"@executable_path/Frameworks",
				);
				MARKETING_VERSION = 1.0;
				PRODUCT_BUNDLE_IDENTIFIER = com.enbcreative.SwiftUILearning;
				PRODUCT_NAME = "$(TARGET_NAME)";
				SWIFT_EMIT_LOC_STRINGS = YES;
				SWIFT_VERSION = 5.0;
				TARGETED_DEVICE_FAMILY = "1,2";
			};
			name = Release;
		};
/* End XCBuildConfiguration section */

/* Begin XCConfigurationList section */
		3D1DECAB295FA369000153A2 /* Build configuration list for PBXProject "SwiftUILearning" */ = {
			isa = XCConfigurationList;
			buildConfigurations = (
				3D1DECBC295FA36A000153A2 /* Debug */,
				3D1DECBD295FA36A000153A2 /* Release */,
			);
			defaultConfigurationIsVisible = 0;
			defaultConfigurationName = Release;
		};
		3D1DECBE295FA36A000153A2 /* Build configuration list for PBXNativeTarget "SwiftUILearning" */ = {
			isa = XCConfigurationList;
			buildConfigurations = (
				3D1DECBF295FA36A000153A2 /* Debug */,
				3D1DECC0295FA36A000153A2 /* Release */,
			);
			defaultConfigurationIsVisible = 0;
			defaultConfigurationName = Release;
		};
/* End XCConfigurationList section */
	};
	rootObject = 3D1DECA8295FA369000153A2 /* Project object */;
}
